
Microsoft Visual Studio Solution File, Format Version 12.00
# Visual Studio Version 17
VisualStudioVersion = 17.3.32929.385
MinimumVisualStudioVersion = 10.0.40219.1
Project("{9A19103F-16F7-4668-BE54-9A1E7A4F7556}") = "MiCalculadora", "MiCalculadora\MiCalculadora.csproj", "{F6756D0D-2748-409F-8CDF-C36C59BD3287}"
EndProject
Project("{9A19103F-16F7-4668-BE54-9A1E7A4F7556}") = "Entidades", "Entidades\Entidades.csproj", "{163CF13D-1FD8-49E2-B237-283723E5C6D4}"
EndProject
Global
	GlobalSection(SolutionConfigurationPlatforms) = preSolution
		Debug|Any CPU = Debug|Any CPU
		Release|Any CPU = Release|Any CPU
	EndGlobalSection
	GlobalSection(ProjectConfigurationPlatforms) = postSolution
		{F6756D0D-2748-409F-8CDF-C36C59BD3287}.Debug|Any CPU.ActiveCfg = Debug|Any CPU
		{F6756D0D-2748-409F-8CDF-C36C59BD3287}.Debug|Any CPU.Build.0 = Debug|Any CPU
		{F6756D0D-2748-409F-8CDF-C36C59BD3287}.Release|Any CPU.ActiveCfg = Release|Any CPU
		{F6756D0D-2748-409F-8CDF-C36C59BD3287}.Release|Any CPU.Build.0 = Release|Any CPU
		{163CF13D-1FD8-49E2-B237-283723E5C6D4}.Debug|Any CPU.ActiveCfg = Debug|Any CPU
		{163CF13D-1FD8-49E2-B237-283723E5C6D4}.Debug|Any CPU.Build.0 = Debug|Any CPU
		{163CF13D-1FD8-49E2-B237-283723E5C6D4}.Release|Any CPU.ActiveCfg = Release|Any CPU
		{163CF13D-1FD8-49E2-B237-283723E5C6D4}.Release|Any CPU.Build.0 = Release|Any CPU
	EndGlobalSection
	GlobalSection(SolutionProperties) = preSolution
		HideSolutionNode = FALSE
	EndGlobalSection
	GlobalSection(ExtensibilityGlobals) = postSolution
		SolutionGuid = {6E623A01-E309-4EE9-8055-B1FC031AFD45}
	EndGlobalSection
EndGlobal
